<?xml version="1.0" encoding="utf-8"?>
<Project ToolsVersion="4.0" xmlns="http://schemas.microsoft.com/developer/msbuild/2003">
  <ItemGroup>
    <Filter Include="源文件">
      <UniqueIdentifier>{4FC737F1-C7A5-4376-A066-2A32D752A2FF}</UniqueIdentifier>
      <Extensions>cpp;c;cc;cxx;def;odl;idl;hpj;bat;asm;asmx</Extensions>
    </Filter>
    <Filter Include="头文件">
      <UniqueIdentifier>{93995380-89BD-4b04-88EB-625FBE52EBFB}</UniqueIdentifier>
      <Extensions>h;hh;hpp;hxx;hm;inl;inc;ipp;xsd</Extensions>
    </Filter>
    <Filter Include="资源文件">
      <UniqueIdentifier>{67DA6AB6-F800-4c08-8B7A-83BB121AAD01}</UniqueIdentifier>
      <Extensions>rc;ico;cur;bmp;dlg;rc2;rct;bin;rgs;gif;jpg;jpeg;jpe;resx;tiff;tif;png;wav;mfcribbon-ms</Extensions>
    </Filter>
    <Filter Include="Engine">
      <UniqueIdentifier>{358c89a7-8684-4af4-9b05-0561ada81de6}</UniqueIdentifier>
    </Filter>
  </ItemGroup>
  <ItemGroup>
    <ClCompile Include="Boss.cpp">
      <Filter>源文件</Filter>
    </ClCompile>
    <ClCompile Include="EngineConfig.cpp">
      <Filter>源文件</Filter>
    </ClCompile>
    <ClCompile Include="Npc.cpp">
      <Filter>源文件</Filter>
    </ClCompile>
    <ClCompile Include="Player.cpp">
      <Filter>源文件</Filter>
    </ClCompile>
    <ClCompile Include="Resource.cpp">
      <Filter>源文件</Filter>
    </ClCompile>
    <ClCompile Include="TinyEngine\T_AI.cpp">
      <Filter>Engine</Filter>
    </ClCompile>
    <ClCompile Include="TinyEngine\T_Audio.cpp">
      <Filter>Engine</Filter>
    </ClCompile>
    <ClCompile Include="TinyEngine\T_Display.cpp">
      <Filter>Engine</Filter>
    </ClCompile>
    <ClCompile Include="TinyEngine\T_Engine.cpp">
      <Filter>Engine</Filter>
    </ClCompile>
    <ClCompile Include="TinyEngine\T_Graph.cpp">
      <Filter>Engine</Filter>
    </ClCompile>
    <ClCompile Include="TinyEngine\T_Map.cpp">
      <Filter>Engine</Filter>
    </ClCompile>
    <ClCompile Include="TinyEngine\T_Menu.cpp">
      <Filter>Engine</Filter>
    </ClCompile>
    <ClCompile Include="TinyEngine\T_Scene.cpp">
      <Filter>Engine</Filter>
    </ClCompile>
    <ClCompile Include="TinyEngine\T_Sprite.cpp">
      <Filter>Engine</Filter>
    </ClCompile>
    <ClCompile Include="TinyEngine\T_Util.cpp">
      <Filter>Engine</Filter>
    </ClCompile>
  </ItemGroup>
  <ItemGroup>
    <ClInclude Include="Boss.h">
      <Filter>头文件</Filter>
    </ClInclude>
    <ClInclude Include="EngineConfig.h">
      <Filter>头文件</Filter>
    </ClInclude>
    <ClInclude Include="GameInit.h">
      <Filter>头文件</Filter>
    </ClInclude>
    <ClInclude Include="Npc.h">
      <Filter>头文件</Filter>
    </ClInclude>
    <ClInclude Include="Player.h">
      <Filter>头文件</Filter>
    </ClInclude>
    <ClInclude Include="Resource.h">
      <Filter>头文件</Filter>
    </ClInclude>
    <ClInclude Include="TinyEngine\T_AI.h">
      <Filter>Engine</Filter>
    </ClInclude>
    <ClInclude Include="TinyEngine\T_Audio.h">
      <Filter>Engine</Filter>
    </ClInclude>
    <ClInclude Include="TinyEngine\T_Config.h">
      <Filter>Engine</Filter>
    </ClInclude>
    <ClInclude Include="TinyEngine\T_Display.h">
      <Filter>Engine</Filter>
    </ClInclude>
    <ClInclude Include="TinyEngine\T_Engine.h">
      <Filter>Engine</Filter>
    </ClInclude>
    <ClInclude Include="TinyEngine\T_Graph.h">
      <Filter>Engine</Filter>
    </ClInclude>
    <ClInclude Include="TinyEngine\T_Layer.h">
      <Filter>Engine</Filter>
    </ClInclude>
    <ClInclude Include="TinyEngine\T_Map.h">
      <Filter>Engine</Filter>
    </ClInclude>
    <ClInclude Include="TinyEngine\T_Menu.h">
      <Filter>Engine</Filter>
    </ClInclude>
    <ClInclude Include="TinyEngine\T_Scene.h">
      <Filter>Engine</Filter>
    </ClInclude>
    <ClInclude Include="TinyEngine\T_Sprite.h">
      <Filter>Engine</Filter>
    </ClInclude>
    <ClInclude Include="TinyEngine\T_Util.h">
      <Filter>Engine</Filter>
    </ClInclude>
  </ItemGroup>
</Project>